
Microsoft Visual Studio Solution File, Format Version 12.00
# Visual Studio Version 16
VisualStudioVersion = 16.0.30804.86
MinimumVisualStudioVersion = 10.0.40219.1
Project("{9A19103F-16F7-4668-BE54-9A1E7A4F7556}") = "TERMS_LOYALTY_API", "TERMS_LOYALTY_API.csproj", "{55580FBE-DF45-4799-9F4A-CE4BADEBB0DB}"
EndProject
Global
	GlobalSection(SolutionConfigurationPlatforms) = preSolution
		Debug|Any CPU = Debug|Any CPU
		Release|Any CPU = Release|Any CPU
	EndGlobalSection
	GlobalSection(ProjectConfigurationPlatforms) = postSolution
		{55580FBE-DF45-4799-9F4A-CE4BADEBB0DB}.Debug|Any CPU.ActiveCfg = Debug|Any CPU
		{55580FBE-DF45-4799-9F4A-CE4BADEBB0DB}.Debug|Any CPU.Build.0 = Debug|Any CPU
		{55580FBE-DF45-4799-9F4A-CE4BADEBB0DB}.Release|Any CPU.ActiveCfg = Release|Any CPU
		{55580FBE-DF45-4799-9F4A-CE4BADEBB0DB}.Release|Any CPU.Build.0 = Release|Any CPU
	EndGlobalSection
	GlobalSection(SolutionProperties) = preSolution
		HideSolutionNode = FALSE
	EndGlobalSection
	GlobalSection(ExtensibilityGlobals) = postSolution
		SolutionGuid = {0D4F1F53-5B5E-457D-8F20-45C81EE2037A}
	EndGlobalSection
EndGlobal
